// !$*UTF8*$!
{
	archiveVersion = 1;
	classes = {
	};
	objectVersion = 50;
	objects = {

/* Begin PBXBuildFile section */
		1839FE3E20DDB2830086907A /* AppDelegate.swift in Sources */ = {isa = PBXBuildFile; fileRef = 1839FE3D20DDB2830086907A /* AppDelegate.swift */; };
		1839FE4020DDB2830086907A /* ViewController.swift in Sources */ = {isa = PBXBuildFile; fileRef = 1839FE3F20DDB2830086907A /* ViewController.swift */; };
		1839FE4320DDB2830086907A /* Main.storyboard in Resources */ = {isa = PBXBuildFile; fileRef = 1839FE4120DDB2830086907A /* Main.storyboard */; };
		1839FE4520DDB2850086907A /* Assets.xcassets in Resources */ = {isa = PBXBuildFile; fileRef = 1839FE4420DDB2850086907A /* Assets.xcassets */; };
		1839FE4820DDB2850086907A /* LaunchScreen.storyboard in Resources */ = {isa = PBXBuildFile; fileRef = 1839FE4620DDB2850086907A /* LaunchScreen.storyboard */; };
		1839FE5320DDB2850086907A /* RPSTests.swift in Sources */ = {isa = PBXBuildFile; fileRef = 1839FE5220DDB2850086907A /* RPSTests.swift */; };
		1839FE5E20DDB2850086907A /* RPSUITests.swift in Sources */ = {isa = PBXBuildFile; fileRef = 1839FE5D20DDB2850086907A /* RPSUITests.swift */; };
/* End PBXBuildFile section */

/* Begin PBXContainerItemProxy section */
		1839FE4F20DDB2850086907A /* PBXContainerItemProxy */ = {
			isa = PBXContainerItemProxy;
			containerPortal = 1839FE3220DDB2830086907A /* Project object */;
			proxyType = 1;
			remoteGlobalIDString = 1839FE3920DDB2830086907A;
			remoteInfo = RPS;
		};
		1839FE5A20DDB2850086907A /* PBXContainerItemProxy */ = {
			isa = PBXContainerItemProxy;
			containerPortal = 1839FE3220DDB2830086907A /* Project object */;
			proxyType = 1;
			remoteGlobalIDString = 1839FE3920DDB2830086907A;
			remoteInfo = RPS;
		};
/* End PBXContainerItemProxy section */

/* Begin PBXFileReference section */
		1839FE3A20DDB2830086907A /* RPS.app */ = {isa = PBXFileReference; explicitFileType = wrapper.application; includeInIndex = 0; path = RPS.app; sourceTree = BUILT_PRODUCTS_DIR; };
		1839FE3D20DDB2830086907A /* AppDelegate.swift */ = {isa = PBXFileReference; lastKnownFileType = sourcecode.swift; path = AppDelegate.swift; sourceTree = "<group>"; };
		1839FE3F20DDB2830086907A /* ViewController.swift */ = {isa = PBXFileReference; lastKnownFileType = sourcecode.swift; path = ViewController.swift; sourceTree = "<group>"; };
		1839FE4220DDB2830086907A /* Base */ = {isa = PBXFileReference; lastKnownFileType = file.storyboard; name = Base; path = Base.lproj/Main.storyboard; sourceTree = "<group>"; };
		1839FE4420DDB2850086907A /* Assets.xcassets */ = {isa = PBXFileReference; lastKnownFileType = folder.assetcatalog; path = Assets.xcassets; sourceTree = "<group>"; };
		1839FE4720DDB2850086907A /* Base */ = {isa = PBXFileReference; lastKnownFileType = file.storyboard; name = Base; path = Base.lproj/LaunchScreen.storyboard; sourceTree = "<group>"; };
		1839FE4920DDB2850086907A /* Info.plist */ = {isa = PBXFileReference; lastKnownFileType = text.plist.xml; path = Info.plist; sourceTree = "<group>"; };
		1839FE4E20DDB2850086907A /* RPSTests.xctest */ = {isa = PBXFileReference; explicitFileType = wrapper.cfbundle; includeInIndex = 0; path = RPSTests.xctest; sourceTree = BUILT_PRODUCTS_DIR; };
		1839FE5220DDB2850086907A /* RPSTests.swift */ = {isa = PBXFileReference; lastKnownFileType = sourcecode.swift; path = RPSTests.swift; sourceTree = "<group>"; };
		1839FE5420DDB2850086907A /* Info.plist */ = {isa = PBXFileReference; lastKnownFileType = text.plist.xml; path = Info.plist; sourceTree = "<group>"; };
		1839FE5920DDB2850086907A /* RPSUITests.xctest */ = {isa = PBXFileReference; explicitFileType = wrapper.cfbundle; includeInIndex = 0; path = RPSUITests.xctest; sourceTree = BUILT_PRODUCTS_DIR; };
		1839FE5D20DDB2850086907A /* RPSUITests.swift */ = {isa = PBXFileReference; lastKnownFileType = sourcecode.swift; path = RPSUITests.swift; sourceTree = "<group>"; };
		1839FE5F20DDB2850086907A /* Info.plist */ = {isa = PBXFileReference; lastKnownFileType = text.plist.xml; path = Info.plist; sourceTree = "<group>"; };
/* End PBXFileReference section */

/* Begin PBXFrameworksBuildPhase section */
		1839FE3720DDB2830086907A /* Frameworks */ = {
			isa = PBXFrameworksBuildPhase;
			buildActionMask = 2147483647;
			files = (
			);
			runOnlyForDeploymentPostprocessing = 0;
		};
		1839FE4B20DDB2850086907A /* Frameworks */ = {
			isa = PBXFrameworksBuildPhase;
			buildActionMask = 2147483647;
			files = (
			);
			runOnlyForDeploymentPostprocessing = 0;
		};
		1839FE5620DDB2850086907A /* Frameworks */ = {
			isa = PBXFrameworksBuildPhase;
			buildActionMask = 2147483647;
			files = (
			);
			runOnlyForDeploymentPostprocessing = 0;
		};
/* End PBXFrameworksBuildPhase section */

/* Begin PBXGroup section */
		1839FE3120DDB2830086907A = {
			isa = PBXGroup;
			children = (
				1839FE3C20DDB2830086907A /* RPS */,
				1839FE5120DDB2850086907A /* RPSTests */,
				1839FE5C20DDB2850086907A /* RPSUITests */,
				1839FE3B20DDB2830086907A /* Products */,
			);
			sourceTree = "<group>";
		};
		1839FE3B20DDB2830086907A /* Products */ = {
			isa = PBXGroup;
			children = (
				1839FE3A20DDB2830086907A /* RPS.app */,
				1839FE4E20DDB2850086907A /* RPSTests.xctest */,
				1839FE5920DDB2850086907A /* RPSUITests.xctest */,
			);
			name = Products;
			sourceTree = "<group>";
		};
		1839FE3C20DDB2830086907A /* RPS */ = {
			isa = PBXGroup;
			children = (
				1839FE3D20DDB2830086907A /* AppDelegate.swift */,
				1839FE3F20DDB2830086907A /* ViewController.swift */,
				1839FE4120DDB2830086907A /* Main.storyboard */,
				1839FE4420DDB2850086907A /* Assets.xcassets */,
				1839FE4620DDB2850086907A /* LaunchScreen.storyboard */,
				1839FE4920DDB2850086907A /* Info.plist */,
			);
			path = RPS;
			sourceTree = "<group>";
		};
		1839FE5120DDB2850086907A /* RPSTests */ = {
			isa = PBXGroup;
			children = (
				1839FE5220DDB2850086907A /* RPSTests.swift */,
				1839FE5420DDB2850086907A /* Info.plist */,
			);
			path = RPSTests;
			sourceTree = "<group>";
		};
		1839FE5C20DDB2850086907A /* RPSUITests */ = {
			isa = PBXGroup;
			children = (
				1839FE5D20DDB2850086907A /* RPSUITests.swift */,
				1839FE5F20DDB2850086907A /* Info.plist */,
			);
			path = RPSUITests;
			sourceTree = "<group>";
		};
/* End PBXGroup section */

/* Begin PBXNativeTarget section */
		1839FE3920DDB2830086907A /* RPS */ = {
			isa = PBXNativeTarget;
			buildConfigurationList = 1839FE6220DDB2850086907A /* Build configuration list for PBXNativeTarget "RPS" */;
			buildPhases = (
				1839FE3620DDB2830086907A /* Sources */,
				1839FE3720DDB2830086907A /* Frameworks */,
				1839FE3820DDB2830086907A /* Resources */,
			);
			buildRules = (
			);
			dependencies = (
			);
			name = RPS;
			productName = RPS;
			productReference = 1839FE3A20DDB2830086907A /* RPS.app */;
			productType = "com.apple.product-type.application";
		};
		1839FE4D20DDB2850086907A /* RPSTests */ = {
			isa = PBXNativeTarget;
			buildConfigurationList = 1839FE6520DDB2850086907A /* Build configuration list for PBXNativeTarget "RPSTests" */;
			buildPhases = (
				1839FE4A20DDB2850086907A /* Sources */,
				1839FE4B20DDB2850086907A /* Frameworks */,
				1839FE4C20DDB2850086907A /* Resources */,
			);
			buildRules = (
			);
			dependencies = (
				1839FE5020DDB2850086907A /* PBXTargetDependency */,
			);
			name = RPSTests;
			productName = RPSTests;
			productReference = 1839FE4E20DDB2850086907A /* RPSTests.xctest */;
			productType = "com.apple.product-type.bundle.unit-test";
		};
		1839FE5820DDB2850086907A /* RPSUITests */ = {
			isa = PBXNativeTarget;
			buildConfigurationList = 1839FE6820DDB2850086907A /* Build configuration list for PBXNativeTarget "RPSUITests" */;
			buildPhases = (
				1839FE5520DDB2850086907A /* Sources */,
				1839FE5620DDB2850086907A /* Frameworks */,
				1839FE5720DDB2850086907A /* Resources */,
			);
			buildRules = (
			);
			dependencies = (
				1839FE5B20DDB2850086907A /* PBXTargetDependency */,
			);
			name = RPSUITests;
			productName = RPSUITests;
			productReference = 1839FE5920DDB2850086907A /* RPSUITests.xctest */;
			productType = "com.apple.product-type.bundle.ui-testing";
		};
/* End PBXNativeTarget section */

/* Begin PBXProject section */
		1839FE3220DDB2830086907A /* Project object */ = {
			isa = PBXProject;
			attributes = {
				LastSwiftUpdateCheck = 0940;
				LastUpgradeCheck = 0940;
				ORGANIZATIONNAME = "Нурасыл";
				TargetAttributes = {
					1839FE3920DDB2830086907A = {
						CreatedOnToolsVersion = 9.4.1;
					};
					1839FE4D20DDB2850086907A = {
						CreatedOnToolsVersion = 9.4.1;
						TestTargetID = 1839FE3920DDB2830086907A;
					};
					1839FE5820DDB2850086907A = {
						CreatedOnToolsVersion = 9.4.1;
						TestTargetID = 1839FE3920DDB2830086907A;
					};
				};
			};
			buildConfigurationList = 1839FE3520DDB2830086907A /* Build configuration list for PBXProject "RPS" */;
			compatibilityVersion = "Xcode 9.3";
			developmentRegion = en;
			hasScannedForEncodings = 0;
			knownRegions = (
				en,
				Base,
			);
			mainGroup = 1839FE3120DDB2830086907A;
			productRefGroup = 1839FE3B20DDB2830086907A /* Products */;
			projectDirPath = "";
			projectRoot = "";
			targets = (
				1839FE3920DDB2830086907A /* RPS */,
				1839FE4D20DDB2850086907A /* RPSTests */,
				1839FE5820DDB2850086907A /* RPSUITests */,
			);
		};
/* End PBXProject section */

/* Begin PBXResourcesBuildPhase section */
		1839FE3820DDB2830086907A /* Resources */ = {
			isa = PBXResourcesBuildPhase;
			buildActionMask = 2147483647;
			files = (
				1839FE4820DDB2850086907A /* LaunchScreen.storyboard in Resources */,
				1839FE4520DDB2850086907A /* Assets.xcassets in Resources */,
				1839FE4320DDB2830086907A /* Main.storyboard in Resources */,
			);
			runOnlyForDeploymentPostprocessing = 0;
		};
		1839FE4C20DDB2850086907A /* Resources */ = {
			isa = PBXResourcesBuildPhase;
			buildActionMask = 2147483647;
			files = (
			);
			runOnlyForDeploymentPostprocessing = 0;
		};
		1839FE5720DDB2850086907A /* Resources */ = {
			isa = PBXResourcesBuildPhase;
			buildActionMask = 2147483647;
			files = (
			);
			runOnlyForDeploymentPostprocessing = 0;
		};
/* End PBXResourcesBuildPhase section */

/* Begin PBXSourcesBuildPhase section */
		1839FE3620DDB2830086907A /* Sources */ = {
			isa = PBXSourcesBuildPhase;
			buildActionMask = 2147483647;
			files = (
				1839FE4020DDB2830086907A /* ViewController.swift in Sources */,
				1839FE3E20DDB2830086907A /* AppDelegate.swift in Sources */,
			);
			runOnlyForDeploymentPostprocessing = 0;
		};
		1839FE4A20DDB2850086907A /* Sources */ = {
			isa = PBXSourcesBuildPhase;
			buildActionMask = 2147483647;
			files = (
				1839FE5320DDB2850086907A /* RPSTests.swift in Sources */,
			);
			runOnlyForDeploymentPostprocessing = 0;
		};
		1839FE5520DDB2850086907A /* Sources */ = {
			isa = PBXSourcesBuildPhase;
			buildActionMask = 2147483647;
			files = (
				1839FE5E20DDB2850086907A /* RPSUITests.swift in Sources */,
			);
			runOnlyForDeploymentPostprocessing = 0;
		};
/* End PBXSourcesBuildPhase section */

/* Begin PBXTargetDependency section */
		1839FE5020DDB2850086907A /* PBXTargetDependency */ = {
			isa = PBXTargetDependency;
			target = 1839FE3920DDB2830086907A /* RPS */;
			targetProxy = 1839FE4F20DDB2850086907A /* PBXContainerItemProxy */;
		};
		1839FE5B20DDB2850086907A /* PBXTargetDependency */ = {
			isa = PBXTargetDependency;
			target = 1839FE3920DDB2830086907A /* RPS */;
			targetProxy = 1839FE5A20DDB2850086907A /* PBXContainerItemProxy */;
		};
/* End PBXTargetDependency section */

/* Begin PBXVariantGroup section */
		1839FE4120DDB2830086907A /* Main.storyboard */ = {
			isa = PBXVariantGroup;
			children = (
				1839FE4220DDB2830086907A /* Base */,
			);
			name = Main.storyboard;
			sourceTree = "<group>";
		};
		1839FE4620DDB2850086907A /* LaunchScreen.storyboard */ = {
			isa = PBXVariantGroup;
			children = (
				1839FE4720DDB2850086907A /* Base */,
			);
			name = LaunchScreen.storyboard;
			sourceTree = "<group>";
		};
/* End PBXVariantGroup section */

/* Begin XCBuildConfiguration section */
		1839FE6020DDB2850086907A /* Debug */ = {
			isa = XCBuildConfiguration;
			buildSettings = {
				ALWAYS_SEARCH_USER_PATHS = NO;
				CLANG_ANALYZER_NONNULL = YES;
				CLANG_ANALYZER_NUMBER_OBJECT_CONVERSION = YES_AGGRESSIVE;
				CLANG_CXX_LANGUAGE_STANDARD = "gnu++14";
				CLANG_CXX_LIBRARY = "libc++";
				CLANG_ENABLE_MODULES = YES;
				CLANG_ENABLE_OBJC_ARC = YES;
				CLANG_ENABLE_OBJC_WEAK = YES;
				CLANG_WARN_BLOCK_CAPTURE_AUTORELEASING = YES;
				CLANG_WARN_BOOL_CONVERSION = YES;
				CLANG_WARN_COMMA = YES;
				CLANG_WARN_CONSTANT_CONVERSION = YES;
				CLANG_WARN_DEPRECATED_OBJC_IMPLEMENTATIONS = YES;
				CLANG_WARN_DIRECT_OBJC_ISA_USAGE = YES_ERROR;
				CLANG_WARN_DOCUMENTATION_COMMENTS = YES;
				CLANG_WARN_EMPTY_BODY = YES;
				CLANG_WARN_ENUM_CONVERSION = YES;
				CLANG_WARN_INFINITE_RECURSION = YES;
				CLANG_WARN_INT_CONVERSION = YES;
				CLANG_WARN_NON_LITERAL_NULL_CONVERSION = YES;
				CLANG_WARN_OBJC_IMPLICIT_RETAIN_SELF = YES;
				CLANG_WARN_OBJC_LITERAL_CONVERSION = YES;
				CLANG_WARN_OBJC_ROOT_CLASS = YES_ERROR;
				CLANG_WARN_RANGE_LOOP_ANALYSIS = YES;
				CLANG_WARN_STRICT_PROTOTYPES = YES;
				CLANG_WARN_SUSPICIOUS_MOVE = YES;
				CLANG_WARN_UNGUARDED_AVAILABILITY = YES_AGGRESSIVE;
				CLANG_WARN_UNREACHABLE_CODE = YES;
				CLANG_WARN__DUPLICATE_METHOD_MATCH = YES;
				CODE_SIGN_IDENTITY = "iPhone Developer";
				COPY_PHASE_STRIP = NO;
				DEBUG_INFORMATION_FORMAT = dwarf;
				ENABLE_STRICT_OBJC_MSGSEND = YES;
				ENABLE_TESTABILITY = YES;
				GCC_C_LANGUAGE_STANDARD = gnu11;
				GCC_DYNAMIC_NO_PIC = NO;
				GCC_NO_COMMON_BLOCKS = YES;
				GCC_OPTIMIZATION_LEVEL = 0;
				GCC_PREPROCESSOR_DEFINITIONS = (
					"DEBUG=1",
					"$(inherited)",
				);
				GCC_WARN_64_TO_32_BIT_CONVERSION = YES;
				GCC_WARN_ABOUT_RETURN_TYPE = YES_ERROR;
				GCC_WARN_UNDECLARED_SELECTOR = YES;
				GCC_WARN_UNINITIALIZED_AUTOS = YES_AGGRESSIVE;
				GCC_WARN_UNUSED_FUNCTION = YES;
				GCC_WARN_UNUSED_VARIABLE = YES;
				IPHONEOS_DEPLOYMENT_TARGET = 11.4;
				MTL_ENABLE_DEBUG_INFO = YES;
				ONLY_ACTIVE_ARCH = YES;
				SDKROOT = iphoneos;
				SWIFT_ACTIVE_COMPILATION_CONDITIONS = DEBUG;
				SWIFT_OPTIMIZATION_LEVEL = "-Onone";
			};
			name = Debug;
		};
		1839FE6120DDB2850086907A /* Release */ = {
			isa = XCBuildConfiguration;
			buildSettings = {
				ALWAYS_SEARCH_USER_PATHS = NO;
				CLANG_ANALYZER_NONNULL = YES;
				CLANG_ANALYZER_NUMBER_OBJECT_CONVERSION = YES_AGGRESSIVE;
				CLANG_CXX_LANGUAGE_STANDARD = "gnu++14";
				CLANG_CXX_LIBRARY = "libc++";
				CLANG_ENABLE_MODULES = YES;
				CLANG_ENABLE_OBJC_ARC = YES;
				CLANG_ENABLE_OBJC_WEAK = YES;
				CLANG_WARN_BLOCK_CAPTURE_AUTORELEASING = YES;
				CLANG_WARN_BOOL_CONVERSION = YES;
				CLANG_WARN_COMMA = YES;
				CLANG_WARN_CONSTANT_CONVERSION = YES;
				CLANG_WARN_DEPRECATED_OBJC_IMPLEMENTATIONS = YES;
				CLANG_WARN_DIRECT_OBJC_ISA_USAGE = YES_ERROR;
				CLANG_WARN_DOCUMENTATION_COMMENTS = YES;
				CLANG_WARN_EMPTY_BODY = YES;
				CLANG_WARN_ENUM_CONVERSION = YES;
				CLANG_WARN_INFINITE_RECURSION = YES;
				CLANG_WARN_INT_CONVERSION = YES;
				CLANG_WARN_NON_LITERAL_NULL_CONVERSION = YES;
				CLANG_WARN_OBJC_IMPLICIT_RETAIN_SELF = YES;
				CLANG_WARN_OBJC_LITERAL_CONVERSION = YES;
				CLANG_WARN_OBJC_ROOT_CLASS = YES_ERROR;
				CLANG_WARN_RANGE_LOOP_ANALYSIS = YES;
				CLANG_WARN_STRICT_PROTOTYPES = YES;
				CLANG_WARN_SUSPICIOUS_MOVE = YES;
				CLANG_WARN_UNGUARDED_AVAILABILITY = YES_AGGRESSIVE;
				CLANG_WARN_UNREACHABLE_CODE = YES;
				CLANG_WARN__DUPLICATE_METHOD_MATCH = YES;
				CODE_SIGN_IDENTITY = "iPhone Developer";
				COPY_PHASE_STRIP = NO;
				DEBUG_INFORMATION_FORMAT = "dwarf-with-dsym";
				ENABLE_NS_ASSERTIONS = NO;
				ENABLE_STRICT_OBJC_MSGSEND = YES;
				GCC_C_LANGUAGE_STANDARD = gnu11;
				GCC_NO_COMMON_BLOCKS = YES;
				GCC_WARN_64_TO_32_BIT_CONVERSION = YES;
				GCC_WARN_ABOUT_RETURN_TYPE = YES_ERROR;
				GCC_WARN_UNDECLARED_SELECTOR = YES;
				GCC_WARN_UNINITIALIZED_AUTOS = YES_AGGRESSIVE;
				GCC_WARN_UNUSED_FUNCTION = YES;
				GCC_WARN_UNUSED_VARIABLE = YES;
				IPHONEOS_DEPLOYMENT_TARGET = 11.4;
				MTL_ENABLE_DEBUG_INFO = NO;
				SDKROOT = iphoneos;
				SWIFT_COMPILATION_MODE = wholemodule;
				SWIFT_OPTIMIZATION_LEVEL = "-O";
				VALIDATE_PRODUCT = YES;
			};
			name = Release;
		};
		1839FE6320DDB2850086907A /* Debug */ = {
			isa = XCBuildConfiguration;
			buildSettings = {
				ASSETCATALOG_COMPILER_APPICON_NAME = AppIcon;
				CODE_SIGN_STYLE = Automatic;
				INFOPLIST_FILE = RPS/Info.plist;
				LD_RUNPATH_SEARCH_PATHS = (
					"$(inherited)",
					"@executable_path/Frameworks",
				);
				PRODUCT_BUNDLE_IDENTIFIER = nura.RPS;
				PRODUCT_NAME = "$(TARGET_NAME)";
				SWIFT_VERSION = 4.0;
				TARGETED_DEVICE_FAMILY = "1,2";
			};
			name = Debug;
		};
		1839FE6420DDB2850086907A /* Release */ = {
			isa = XCBuildConfiguration;
			buildSettings = {
				ASSETCATALOG_COMPILER_APPICON_NAME = AppIcon;
				CODE_SIGN_STYLE = Automatic;
				INFOPLIST_FILE = RPS/Info.plist;
				LD_RUNPATH_SEARCH_PATHS = (
					"$(inherited)",
					"@executable_path/Frameworks",
				);
				PRODUCT_BUNDLE_IDENTIFIER = nura.RPS;
				PRODUCT_NAME = "$(TARGET_NAME)";
				SWIFT_VERSION = 4.0;
				TARGETED_DEVICE_FAMILY = "1,2";
			};
			name = Release;
		};
		1839FE6620DDB2850086907A /* Debug */ = {
			isa = XCBuildConfiguration;
			buildSettings = {
				ALWAYS_EMBED_SWIFT_STANDARD_LIBRARIES = YES;
				BUNDLE_LOADER = "$(TEST_HOST)";
				CODE_SIGN_STYLE = Automatic;
				INFOPLIST_FILE = RPSTests/Info.plist;
				LD_RUNPATH_SEARCH_PATHS = (
					"$(inherited)",
					"@executable_path/Frameworks",
					"@loader_path/Frameworks",
				);
				PRODUCT_BUNDLE_IDENTIFIER = nura.RPSTests;
				PRODUCT_NAME = "$(TARGET_NAME)";
				SWIFT_VERSION = 4.0;
				TARGETED_DEVICE_FAMILY = "1,2";
				TEST_HOST = "$(BUILT_PRODUCTS_DIR)/RPS.app/RPS";
			};
			name = Debug;
		};
		1839FE6720DDB2850086907A /* Release */ = {
			isa = XCBuildConfiguration;
			buildSettings = {
				ALWAYS_EMBED_SWIFT_STANDARD_LIBRARIES = YES;
				BUNDLE_LOADER = "$(TEST_HOST)";
				CODE_SIGN_STYLE = Automatic;
				INFOPLIST_FILE = RPSTests/Info.plist;
				LD_RUNPATH_SEARCH_PATHS = (
					"$(inherited)",
					"@executable_path/Frameworks",
					"@loader_path/Frameworks",
				);
				PRODUCT_BUNDLE_IDENTIFIER = nura.RPSTests;
				PRODUCT_NAME = "$(TARGET_NAME)";
				SWIFT_VERSION = 4.0;
				TARGETED_DEVICE_FAMILY = "1,2";
				TEST_HOST = "$(BUILT_PRODUCTS_DIR)/RPS.app/RPS";
			};
			name = Release;
		};
		1839FE6920DDB2850086907A /* Debug */ = {
			isa = XCBuildConfiguration;
			buildSettings = {
				ALWAYS_EMBED_SWIFT_STANDARD_LIBRARIES = YES;
				CODE_SIGN_STYLE = Automatic;
				INFOPLIST_FILE = RPSUITests/Info.plist;
				LD_RUNPATH_SEARCH_PATHS = (
					"$(inherited)",
					"@executable_path/Frameworks",
					"@loader_path/Frameworks",
				);
				PRODUCT_BUNDLE_IDENTIFIER = nura.RPSUITests;
				PRODUCT_NAME = "$(TARGET_NAME)";
				SWIFT_VERSION = 4.0;
				TARGETED_DEVICE_FAMILY = "1,2";
				TEST_TARGET_NAME = RPS;
			};
			name = Debug;
		};
		1839FE6A20DDB2850086907A /* Release */ = {
			isa = XCBuildConfiguration;
			buildSettings = {
				ALWAYS_EMBED_SWIFT_STANDARD_LIBRARIES = YES;
				CODE_SIGN_STYLE = Automatic;
				INFOPLIST_FILE = RPSUITests/Info.plist;
				LD_RUNPATH_SEARCH_PATHS = (
					"$(inherited)",
					"@executable_path/Frameworks",
					"@loader_path/Frameworks",
				);
				PRODUCT_BUNDLE_IDENTIFIER = nura.RPSUITests;
				PRODUCT_NAME = "$(TARGET_NAME)";
				SWIFT_VERSION = 4.0;
				TARGETED_DEVICE_FAMILY = "1,2";
				TEST_TARGET_NAME = RPS;
			};
			name = Release;
		};
/* End XCBuildConfiguration section */

/* Begin XCConfigurationList section */
		1839FE3520DDB2830086907A /* Build configuration list for PBXProject "RPS" */ = {
			isa = XCConfigurationList;
			buildConfigurations = (
				1839FE6020DDB2850086907A /* Debug */,
				1839FE6120DDB2850086907A /* Release */,
			);
			defaultConfigurationIsVisible = 0;
			defaultConfigurationName = Release;
		};
		1839FE6220DDB2850086907A /* Build configuration list for PBXNativeTarget "RPS" */ = {
			isa = XCConfigurationList;
			buildConfigurations = (
				1839FE6320DDB2850086907A /* Debug */,
				1839FE6420DDB2850086907A /* Release */,
			);
			defaultConfigurationIsVisible = 0;
			defaultConfigurationName = Release;
		};
		1839FE6520DDB2850086907A /* Build configuration list for PBXNativeTarget "RPSTests" */ = {
			isa = XCConfigurationList;
			buildConfigurations = (
				1839FE6620DDB2850086907A /* Debug */,
				1839FE6720DDB2850086907A /* Release */,
			);
			defaultConfigurationIsVisible = 0;
			defaultConfigurationName = Release;
		};
		1839FE6820DDB2850086907A /* Build configuration list for PBXNativeTarget "RPSUITests" */ = {
			isa = XCConfigurationList;
			buildConfigurations = (
				1839FE6920DDB2850086907A /* Debug */,
				1839FE6A20DDB2850086907A /* Release */,
			);
			defaultConfigurationIsVisible = 0;
			defaultConfigurationName = Release;
		};
/* End XCConfigurationList section */
	};
	rootObject = 1839FE3220DDB2830086907A /* Project object */;
}
